# THIS IS AN AUTOGENERATED FILE. DO NOT EDIT THIS FILE DIRECTLY.
# yarn lockfile v1


dot-properties@^1.0.0:
  version "1.0.1"
  resolved "https://registry.yarnpkg.com/dot-properties/-/dot-properties-1.0.1.tgz#f0b8f7bf378de3ee119ff9a2d47495ca7d19553c"
  integrity sha512-cjIHHKlf2dPINJ5Io3lPocWvWmthXn3ztqyHVzUfufRiCiPECb0oiEqEGbEGaunFZtcMvwgUcxP9CTpLG4KCsA==

prettier-plugin-properties@^0.2.0:
  version "0.2.0"
  resolved "https://registry.yarnpkg.com/prettier-plugin-properties/-/prettier-plugin-properties-0.2.0.tgz#ad025de49ea55ce2c20ee498d1ed713f6ee99311"
  integrity sha512-Mt+z2nPkG+apJJLxfv8/Z/knhF/pTFUyxTeaRCuvQhs33rzQEkquGXSyKyvcWfijOTlOvB6KnmSJXpmblLNYrQ==
  dependencies:
    dot-properties "^1.0.0"

prettier@^2.8.1:
  version "2.8.1"
  resolved "https://registry.yarnpkg.com/prettier/-/prettier-2.8.1.tgz#4e1fd11c34e2421bc1da9aea9bd8127cd0a35efc"
  integrity sha512-lqGoSJBQNJidqCHE80vqZJHWHRFoNYsSpP9AjFhlhi9ODCJA541svILes/+/1GM3VaL/abZi7cpFzOpdR9UPKg==
